
Microsoft Visual Studio Solution File, Format Version 12.00
# Visual Studio Version 16
VisualStudioVersion = 16.0.31702.278
MinimumVisualStudioVersion = 10.0.40219.1
Project("{FAE04EC0-301F-11D3-BF4B-00C04F79EFBC}") = "Calculadora.WinForm", "Calculadora.WinForm\Calculadora.WinForm.csproj", "{12AE6FAA-C11F-4442-98A7-E98E02239B22}"
EndProject
Global
	GlobalSection(SolutionConfigurationPlatforms) = preSolution
		Debug|Any CPU = Debug|Any CPU
		Release|Any CPU = Release|Any CPU
	EndGlobalSection
	GlobalSection(ProjectConfigurationPlatforms) = postSolution
		{12AE6FAA-C11F-4442-98A7-E98E02239B22}.Debug|Any CPU.ActiveCfg = Debug|Any CPU
		{12AE6FAA-C11F-4442-98A7-E98E02239B22}.Debug|Any CPU.Build.0 = Debug|Any CPU
		{12AE6FAA-C11F-4442-98A7-E98E02239B22}.Release|Any CPU.ActiveCfg = Release|Any CPU
		{12AE6FAA-C11F-4442-98A7-E98E02239B22}.Release|Any CPU.Build.0 = Release|Any CPU
	EndGlobalSection
	GlobalSection(SolutionProperties) = preSolution
		HideSolutionNode = FALSE
	EndGlobalSection
	GlobalSection(ExtensibilityGlobals) = postSolution
		SolutionGuid = {A94C7B05-7D22-4FF9-BC1C-5B0959656636}
	EndGlobalSection
EndGlobal
